
Microsoft Visual Studio Solution File, Format Version 12.00
Project("{2150E333-8FDC-42A3-9474-1A3956D46DE8}") = "rufinus", "rufinus", "{EC0054A9-7284-4F9F-AED9-DD60649F0AF5}"
EndProject
Project("{2150E333-8FDC-42A3-9474-1A3956D46DE8}") = "gateways", "gateways", "{D816A570-764F-4555-BC91-B0783C895487}"
EndProject
Project("{2150E333-8FDC-42A3-9474-1A3956D46DE8}") = "services", "services", "{501DFC33-C03F-4846-A8E4-D1DB0BA74797}"
EndProject
Project("{2150E333-8FDC-42A3-9474-1A3956D46DE8}") = "shared", "shared", "{B3A37258-C542-4F46-85E2-02E6325D8623}"
EndProject
Project("{2150E333-8FDC-42A3-9474-1A3956D46DE8}") = "auth", "auth", "{F4D06BDF-B9CB-49E7-9847-75ECBEA7F783}"
EndProject
Project("{FAE04EC0-301F-11D3-BF4B-00C04F79EFBC}") = "Rufinus.Auth.Presentation", "Rufinus.Auth.Presentation\Rufinus.Auth.Presentation.csproj", "{AD5C9771-4034-4180-A374-715AD39061B0}"
EndProject
Project("{FAE04EC0-301F-11D3-BF4B-00C04F79EFBC}") = "Rufinus.Auth.Application", "Rufinus.Auth.Application\Rufinus.Auth.Application.csproj", "{38F17A06-F08A-4215-AC39-EBCE0BABAF1A}"
EndProject
Project("{FAE04EC0-301F-11D3-BF4B-00C04F79EFBC}") = "Rufinus.Auth.Domain", "Rufinus.Auth.Domain\Rufinus.Auth.Domain.csproj", "{3F5DE61F-B487-4AF3-8422-756FBDA0381E}"
EndProject
Project("{FAE04EC0-301F-11D3-BF4B-00C04F79EFBC}") = "Rufinus.Auth.EfCore.Infrastructure", "Rufinus.Auth.EfCore.Infrastructure\Rufinus.Auth.EfCore.Infrastructure.csproj", "{40B89B31-8B86-4DFF-8B37-32AE9A84F614}"
EndProject
Project("{2150E333-8FDC-42A3-9474-1A3956D46DE8}") = "core", "core", "{B1B2F5C2-F657-418B-8BE3-DDB4DA6DBA95}"
EndProject
Project("{2150E333-8FDC-42A3-9474-1A3956D46DE8}") = "external", "external", "{7EC5495B-E5ED-4FDB-9A46-661C2D28F51E}"
EndProject
Global
	GlobalSection(SolutionConfigurationPlatforms) = preSolution
		Debug|Any CPU = Debug|Any CPU
		Release|Any CPU = Release|Any CPU
	EndGlobalSection
	GlobalSection(NestedProjects) = preSolution
		{D816A570-764F-4555-BC91-B0783C895487} = {EC0054A9-7284-4F9F-AED9-DD60649F0AF5}
		{501DFC33-C03F-4846-A8E4-D1DB0BA74797} = {EC0054A9-7284-4F9F-AED9-DD60649F0AF5}
		{B3A37258-C542-4F46-85E2-02E6325D8623} = {EC0054A9-7284-4F9F-AED9-DD60649F0AF5}
		{F4D06BDF-B9CB-49E7-9847-75ECBEA7F783} = {501DFC33-C03F-4846-A8E4-D1DB0BA74797}
		{B1B2F5C2-F657-418B-8BE3-DDB4DA6DBA95} = {F4D06BDF-B9CB-49E7-9847-75ECBEA7F783}
		{38F17A06-F08A-4215-AC39-EBCE0BABAF1A} = {B1B2F5C2-F657-418B-8BE3-DDB4DA6DBA95}
		{3F5DE61F-B487-4AF3-8422-756FBDA0381E} = {B1B2F5C2-F657-418B-8BE3-DDB4DA6DBA95}
		{7EC5495B-E5ED-4FDB-9A46-661C2D28F51E} = {F4D06BDF-B9CB-49E7-9847-75ECBEA7F783}
		{AD5C9771-4034-4180-A374-715AD39061B0} = {7EC5495B-E5ED-4FDB-9A46-661C2D28F51E}
		{40B89B31-8B86-4DFF-8B37-32AE9A84F614} = {7EC5495B-E5ED-4FDB-9A46-661C2D28F51E}
	EndGlobalSection
	GlobalSection(ProjectConfigurationPlatforms) = postSolution
		{AD5C9771-4034-4180-A374-715AD39061B0}.Debug|Any CPU.ActiveCfg = Debug|Any CPU
		{AD5C9771-4034-4180-A374-715AD39061B0}.Debug|Any CPU.Build.0 = Debug|Any CPU
		{AD5C9771-4034-4180-A374-715AD39061B0}.Release|Any CPU.ActiveCfg = Release|Any CPU
		{AD5C9771-4034-4180-A374-715AD39061B0}.Release|Any CPU.Build.0 = Release|Any CPU
		{38F17A06-F08A-4215-AC39-EBCE0BABAF1A}.Debug|Any CPU.ActiveCfg = Debug|Any CPU
		{38F17A06-F08A-4215-AC39-EBCE0BABAF1A}.Debug|Any CPU.Build.0 = Debug|Any CPU
		{38F17A06-F08A-4215-AC39-EBCE0BABAF1A}.Release|Any CPU.ActiveCfg = Release|Any CPU
		{38F17A06-F08A-4215-AC39-EBCE0BABAF1A}.Release|Any CPU.Build.0 = Release|Any CPU
		{3F5DE61F-B487-4AF3-8422-756FBDA0381E}.Debug|Any CPU.ActiveCfg = Debug|Any CPU
		{3F5DE61F-B487-4AF3-8422-756FBDA0381E}.Debug|Any CPU.Build.0 = Debug|Any CPU
		{3F5DE61F-B487-4AF3-8422-756FBDA0381E}.Release|Any CPU.ActiveCfg = Release|Any CPU
		{3F5DE61F-B487-4AF3-8422-756FBDA0381E}.Release|Any CPU.Build.0 = Release|Any CPU
		{40B89B31-8B86-4DFF-8B37-32AE9A84F614}.Debug|Any CPU.ActiveCfg = Debug|Any CPU
		{40B89B31-8B86-4DFF-8B37-32AE9A84F614}.Debug|Any CPU.Build.0 = Debug|Any CPU
		{40B89B31-8B86-4DFF-8B37-32AE9A84F614}.Release|Any CPU.ActiveCfg = Release|Any CPU
		{40B89B31-8B86-4DFF-8B37-32AE9A84F614}.Release|Any CPU.Build.0 = Release|Any CPU
	EndGlobalSection
EndGlobal
